// !$*UTF8*$!
{
	archiveVersion = 1;
	classes = {
	};
	objectVersion = 50;
	objects = {

/* Begin PBXBuildFile section */
		8EBCBCE926F38A5A00D8E38A /* HighScoreViewController.swift in Sources */ = {isa = PBXBuildFile; fileRef = 8EBCBCE826F38A5A00D8E38A /* HighScoreViewController.swift */; };
		8EBCBCEB26F38A9300D8E38A /* WordsHighResultViewController.swift in Sources */ = {isa = PBXBuildFile; fileRef = 8EBCBCEA26F38A9300D8E38A /* WordsHighResultViewController.swift */; };
		8EEBBAFA26A8243500470E98 /* AppDelegate.swift in Sources */ = {isa = PBXBuildFile; fileRef = 8EEBBAF926A8243500470E98 /* AppDelegate.swift */; };
		8EEBBAFC26A8243500470E98 /* SceneDelegate.swift in Sources */ = {isa = PBXBuildFile; fileRef = 8EEBBAFB26A8243500470E98 /* SceneDelegate.swift */; };
		8EEBBAFE26A8243500470E98 /* MainViewController.swift in Sources */ = {isa = PBXBuildFile; fileRef = 8EEBBAFD26A8243500470E98 /* MainViewController.swift */; };
		8EEBBB0126A8243500470E98 /* Main.storyboard in Resources */ = {isa = PBXBuildFile; fileRef = 8EEBBAFF26A8243500470E98 /* Main.storyboard */; };
		8EEBBB0326A8243900470E98 /* Assets.xcassets in Resources */ = {isa = PBXBuildFile; fileRef = 8EEBBB0226A8243900470E98 /* Assets.xcassets */; };
		8EEBBB0626A8243900470E98 /* LaunchScreen.storyboard in Resources */ = {isa = PBXBuildFile; fileRef = 8EEBBB0426A8243900470E98 /* LaunchScreen.storyboard */; };
		8EEBBB0E26A8260A00470E98 /* start.txt in Resources */ = {isa = PBXBuildFile; fileRef = 8EEBBB0D26A8260A00470E98 /* start.txt */; };
/* End PBXBuildFile section */

/* Begin PBXFileReference section */
		8EBCBCE826F38A5A00D8E38A /* HighScoreViewController.swift */ = {isa = PBXFileReference; lastKnownFileType = sourcecode.swift; path = HighScoreViewController.swift; sourceTree = "<group>"; };
		8EBCBCEA26F38A9300D8E38A /* WordsHighResultViewController.swift */ = {isa = PBXFileReference; lastKnownFileType = sourcecode.swift; path = WordsHighResultViewController.swift; sourceTree = "<group>"; };
		8EEBBAF626A8243500470E98 /* Project 5.app */ = {isa = PBXFileReference; explicitFileType = wrapper.application; includeInIndex = 0; path = "Project 5.app"; sourceTree = BUILT_PRODUCTS_DIR; };
		8EEBBAF926A8243500470E98 /* AppDelegate.swift */ = {isa = PBXFileReference; lastKnownFileType = sourcecode.swift; path = AppDelegate.swift; sourceTree = "<group>"; };
		8EEBBAFB26A8243500470E98 /* SceneDelegate.swift */ = {isa = PBXFileReference; lastKnownFileType = sourcecode.swift; path = SceneDelegate.swift; sourceTree = "<group>"; };
		8EEBBAFD26A8243500470E98 /* MainViewController.swift */ = {isa = PBXFileReference; lastKnownFileType = sourcecode.swift; path = MainViewController.swift; sourceTree = "<group>"; };
		8EEBBB0026A8243500470E98 /* Base */ = {isa = PBXFileReference; lastKnownFileType = file.storyboard; name = Base; path = Base.lproj/Main.storyboard; sourceTree = "<group>"; };
		8EEBBB0226A8243900470E98 /* Assets.xcassets */ = {isa = PBXFileReference; lastKnownFileType = folder.assetcatalog; path = Assets.xcassets; sourceTree = "<group>"; };
		8EEBBB0526A8243900470E98 /* Base */ = {isa = PBXFileReference; lastKnownFileType = file.storyboard; name = Base; path = Base.lproj/LaunchScreen.storyboard; sourceTree = "<group>"; };
		8EEBBB0726A8243900470E98 /* Info.plist */ = {isa = PBXFileReference; lastKnownFileType = text.plist.xml; path = Info.plist; sourceTree = "<group>"; };
		8EEBBB0D26A8260A00470E98 /* start.txt */ = {isa = PBXFileReference; fileEncoding = 4; lastKnownFileType = text; path = start.txt; sourceTree = "<group>"; };
/* End PBXFileReference section */

/* Begin PBXFrameworksBuildPhase section */
		8EEBBAF326A8243500470E98 /* Frameworks */ = {
			isa = PBXFrameworksBuildPhase;
			buildActionMask = 2147483647;
			files = (
			);
			runOnlyForDeploymentPostprocessing = 0;
		};
/* End PBXFrameworksBuildPhase section */

/* Begin PBXGroup section */
		8EBCBCEC26F38BF200D8E38A /* Controller */ = {
			isa = PBXGroup;
			children = (
				8EEBBAFD26A8243500470E98 /* MainViewController.swift */,
				8EBCBCE826F38A5A00D8E38A /* HighScoreViewController.swift */,
				8EBCBCEA26F38A9300D8E38A /* WordsHighResultViewController.swift */,
			);
			path = Controller;
			sourceTree = "<group>";
		};
		8EBCBCED26F38C0400D8E38A /* Model */ = {
			isa = PBXGroup;
			children = (
				8EEBBB0D26A8260A00470E98 /* start.txt */,
			);
			path = Model;
			sourceTree = "<group>";
		};
		8EBCBCEE26F38C0E00D8E38A /* View */ = {
			isa = PBXGroup;
			children = (
				8EEBBAFF26A8243500470E98 /* Main.storyboard */,
			);
			path = View;
			sourceTree = "<group>";
		};
		8EEBBAED26A8243500470E98 = {
			isa = PBXGroup;
			children = (
				8EEBBAF826A8243500470E98 /* Project 5 */,
				8EEBBAF726A8243500470E98 /* Products */,
			);
			sourceTree = "<group>";
		};
		8EEBBAF726A8243500470E98 /* Products */ = {
			isa = PBXGroup;
			children = (
				8EEBBAF626A8243500470E98 /* Project 5.app */,
			);
			name = Products;
			sourceTree = "<group>";
		};
		8EEBBAF826A8243500470E98 /* Project 5 */ = {
			isa = PBXGroup;
			children = (
				8EEBBAF926A8243500470E98 /* AppDelegate.swift */,
				8EEBBAFB26A8243500470E98 /* SceneDelegate.swift */,
				8EBCBCED26F38C0400D8E38A /* Model */,
				8EBCBCEE26F38C0E00D8E38A /* View */,
				8EBCBCEC26F38BF200D8E38A /* Controller */,
				8EEBBB0226A8243900470E98 /* Assets.xcassets */,
				8EEBBB0426A8243900470E98 /* LaunchScreen.storyboard */,
				8EEBBB0726A8243900470E98 /* Info.plist */,
			);
			path = "Project 5";
			sourceTree = "<group>";
		};
/* End PBXGroup section */

/* Begin PBXNativeTarget section */
		8EEBBAF526A8243500470E98 /* Project 5 */ = {
			isa = PBXNativeTarget;
			buildConfigurationList = 8EEBBB0A26A8243900470E98 /* Build configuration list for PBXNativeTarget "Project 5" */;
			buildPhases = (
				8EEBBAF226A8243500470E98 /* Sources */,
				8EEBBAF326A8243500470E98 /* Frameworks */,
				8EEBBAF426A8243500470E98 /* Resources */,
			);
			buildRules = (
			);
			dependencies = (
			);
			name = "Project 5";
			productName = "Project 5";
			productReference = 8EEBBAF626A8243500470E98 /* Project 5.app */;
			productType = "com.apple.product-type.application";
		};
/* End PBXNativeTarget section */

/* Begin PBXProject section */
		8EEBBAEE26A8243500470E98 /* Project object */ = {
			isa = PBXProject;
			attributes = {
				LastSwiftUpdateCheck = 1250;
				LastUpgradeCheck = 1250;
				TargetAttributes = {
					8EEBBAF526A8243500470E98 = {
						CreatedOnToolsVersion = 12.5;
					};
				};
			};
			buildConfigurationList = 8EEBBAF126A8243500470E98 /* Build configuration list for PBXProject "Project 5" */;
			compatibilityVersion = "Xcode 9.3";
			developmentRegion = en;
			hasScannedForEncodings = 0;
			knownRegions = (
				en,
				Base,
			);
			mainGroup = 8EEBBAED26A8243500470E98;
			productRefGroup = 8EEBBAF726A8243500470E98 /* Products */;
			projectDirPath = "";
			projectRoot = "";
			targets = (
				8EEBBAF526A8243500470E98 /* Project 5 */,
			);
		};
/* End PBXProject section */

/* Begin PBXResourcesBuildPhase section */
		8EEBBAF426A8243500470E98 /* Resources */ = {
			isa = PBXResourcesBuildPhase;
			buildActionMask = 2147483647;
			files = (
				8EEBBB0626A8243900470E98 /* LaunchScreen.storyboard in Resources */,
				8EEBBB0E26A8260A00470E98 /* start.txt in Resources */,
				8EEBBB0326A8243900470E98 /* Assets.xcassets in Resources */,
				8EEBBB0126A8243500470E98 /* Main.storyboard in Resources */,
			);
			runOnlyForDeploymentPostprocessing = 0;
		};
/* End PBXResourcesBuildPhase section */

/* Begin PBXSourcesBuildPhase section */
		8EEBBAF226A8243500470E98 /* Sources */ = {
			isa = PBXSourcesBuildPhase;
			buildActionMask = 2147483647;
			files = (
				8EEBBAFE26A8243500470E98 /* MainViewController.swift in Sources */,
				8EEBBAFA26A8243500470E98 /* AppDelegate.swift in Sources */,
				8EEBBAFC26A8243500470E98 /* SceneDelegate.swift in Sources */,
				8EBCBCEB26F38A9300D8E38A /* WordsHighResultViewController.swift in Sources */,
				8EBCBCE926F38A5A00D8E38A /* HighScoreViewController.swift in Sources */,
			);
			runOnlyForDeploymentPostprocessing = 0;
		};
/* End PBXSourcesBuildPhase section */

/* Begin PBXVariantGroup section */
		8EEBBAFF26A8243500470E98 /* Main.storyboard */ = {
			isa = PBXVariantGroup;
			children = (
				8EEBBB0026A8243500470E98 /* Base */,
			);
			name = Main.storyboard;
			sourceTree = "<group>";
		};
		8EEBBB0426A8243900470E98 /* LaunchScreen.storyboard */ = {
			isa = PBXVariantGroup;
			children = (
				8EEBBB0526A8243900470E98 /* Base */,
			);
			name = LaunchScreen.storyboard;
			sourceTree = "<group>";
		};
/* End PBXVariantGroup section */

/* Begin XCBuildConfiguration section */
		8EEBBB0826A8243900470E98 /* Debug */ = {
			isa = XCBuildConfiguration;
			buildSettings = {
				ALWAYS_SEARCH_USER_PATHS = NO;
				CLANG_ANALYZER_NONNULL = YES;
				CLANG_ANALYZER_NUMBER_OBJECT_CONVERSION = YES_AGGRESSIVE;
				CLANG_CXX_LANGUAGE_STANDARD = "gnu++14";
				CLANG_CXX_LIBRARY = "libc++";
				CLANG_ENABLE_MODULES = YES;
				CLANG_ENABLE_OBJC_ARC = YES;
				CLANG_ENABLE_OBJC_WEAK = YES;
				CLANG_WARN_BLOCK_CAPTURE_AUTORELEASING = YES;
				CLANG_WARN_BOOL_CONVERSION = YES;
				CLANG_WARN_COMMA = YES;
				CLANG_WARN_CONSTANT_CONVERSION = YES;
				CLANG_WARN_DEPRECATED_OBJC_IMPLEMENTATIONS = YES;
				CLANG_WARN_DIRECT_OBJC_ISA_USAGE = YES_ERROR;
				CLANG_WARN_DOCUMENTATION_COMMENTS = YES;
				CLANG_WARN_EMPTY_BODY = YES;
				CLANG_WARN_ENUM_CONVERSION = YES;
				CLANG_WARN_INFINITE_RECURSION = YES;
				CLANG_WARN_INT_CONVERSION = YES;
				CLANG_WARN_NON_LITERAL_NULL_CONVERSION = YES;
				CLANG_WARN_OBJC_IMPLICIT_RETAIN_SELF = YES;
				CLANG_WARN_OBJC_LITERAL_CONVERSION = YES;
				CLANG_WARN_OBJC_ROOT_CLASS = YES_ERROR;
				CLANG_WARN_QUOTED_INCLUDE_IN_FRAMEWORK_HEADER = YES;
				CLANG_WARN_RANGE_LOOP_ANALYSIS = YES;
				CLANG_WARN_STRICT_PROTOTYPES = YES;
				CLANG_WARN_SUSPICIOUS_MOVE = YES;
				CLANG_WARN_UNGUARDED_AVAILABILITY = YES_AGGRESSIVE;
				CLANG_WARN_UNREACHABLE_CODE = YES;
				CLANG_WARN__DUPLICATE_METHOD_MATCH = YES;
				COPY_PHASE_STRIP = NO;
				DEBUG_INFORMATION_FORMAT = dwarf;
				ENABLE_STRICT_OBJC_MSGSEND = YES;
				ENABLE_TESTABILITY = YES;
				GCC_C_LANGUAGE_STANDARD = gnu11;
				GCC_DYNAMIC_NO_PIC = NO;
				GCC_NO_COMMON_BLOCKS = YES;
				GCC_OPTIMIZATION_LEVEL = 0;
				GCC_PREPROCESSOR_DEFINITIONS = (
					"DEBUG=1",
					"$(inherited)",
				);
				GCC_WARN_64_TO_32_BIT_CONVERSION = YES;
				GCC_WARN_ABOUT_RETURN_TYPE = YES_ERROR;
				GCC_WARN_UNDECLARED_SELECTOR = YES;
				GCC_WARN_UNINITIALIZED_AUTOS = YES_AGGRESSIVE;
				GCC_WARN_UNUSED_FUNCTION = YES;
				GCC_WARN_UNUSED_VARIABLE = YES;
				IPHONEOS_DEPLOYMENT_TARGET = 14.5;
				MTL_ENABLE_DEBUG_INFO = INCLUDE_SOURCE;
				MTL_FAST_MATH = YES;
				ONLY_ACTIVE_ARCH = YES;
				SDKROOT = iphoneos;
				SWIFT_ACTIVE_COMPILATION_CONDITIONS = DEBUG;
				SWIFT_OPTIMIZATION_LEVEL = "-Onone";
			};
			name = Debug;
		};
		8EEBBB0926A8243900470E98 /* Release */ = {
			isa = XCBuildConfiguration;
			buildSettings = {
				ALWAYS_SEARCH_USER_PATHS = NO;
				CLANG_ANALYZER_NONNULL = YES;
				CLANG_ANALYZER_NUMBER_OBJECT_CONVERSION = YES_AGGRESSIVE;
				CLANG_CXX_LANGUAGE_STANDARD = "gnu++14";
				CLANG_CXX_LIBRARY = "libc++";
				CLANG_ENABLE_MODULES = YES;
				CLANG_ENABLE_OBJC_ARC = YES;
				CLANG_ENABLE_OBJC_WEAK = YES;
				CLANG_WARN_BLOCK_CAPTURE_AUTORELEASING = YES;
				CLANG_WARN_BOOL_CONVERSION = YES;
				CLANG_WARN_COMMA = YES;
				CLANG_WARN_CONSTANT_CONVERSION = YES;
				CLANG_WARN_DEPRECATED_OBJC_IMPLEMENTATIONS = YES;
				CLANG_WARN_DIRECT_OBJC_ISA_USAGE = YES_ERROR;
				CLANG_WARN_DOCUMENTATION_COMMENTS = YES;
				CLANG_WARN_EMPTY_BODY = YES;
				CLANG_WARN_ENUM_CONVERSION = YES;
				CLANG_WARN_INFINITE_RECURSION = YES;
				CLANG_WARN_INT_CONVERSION = YES;
				CLANG_WARN_NON_LITERAL_NULL_CONVERSION = YES;
				CLANG_WARN_OBJC_IMPLICIT_RETAIN_SELF = YES;
				CLANG_WARN_OBJC_LITERAL_CONVERSION = YES;
				CLANG_WARN_OBJC_ROOT_CLASS = YES_ERROR;
				CLANG_WARN_QUOTED_INCLUDE_IN_FRAMEWORK_HEADER = YES;
				CLANG_WARN_RANGE_LOOP_ANALYSIS = YES;
				CLANG_WARN_STRICT_PROTOTYPES = YES;
				CLANG_WARN_SUSPICIOUS_MOVE = YES;
				CLANG_WARN_UNGUARDED_AVAILABILITY = YES_AGGRESSIVE;
				CLANG_WARN_UNREACHABLE_CODE = YES;
				CLANG_WARN__DUPLICATE_METHOD_MATCH = YES;
				COPY_PHASE_STRIP = NO;
				DEBUG_INFORMATION_FORMAT = "dwarf-with-dsym";
				ENABLE_NS_ASSERTIONS = NO;
				ENABLE_STRICT_OBJC_MSGSEND = YES;
				GCC_C_LANGUAGE_STANDARD = gnu11;
				GCC_NO_COMMON_BLOCKS = YES;
				GCC_WARN_64_TO_32_BIT_CONVERSION = YES;
				GCC_WARN_ABOUT_RETURN_TYPE = YES_ERROR;
				GCC_WARN_UNDECLARED_SELECTOR = YES;
				GCC_WARN_UNINITIALIZED_AUTOS = YES_AGGRESSIVE;
				GCC_WARN_UNUSED_FUNCTION = YES;
				GCC_WARN_UNUSED_VARIABLE = YES;
				IPHONEOS_DEPLOYMENT_TARGET = 14.5;
				MTL_ENABLE_DEBUG_INFO = NO;
				MTL_FAST_MATH = YES;
				SDKROOT = iphoneos;
				SWIFT_COMPILATION_MODE = wholemodule;
				SWIFT_OPTIMIZATION_LEVEL = "-O";
				VALIDATE_PRODUCT = YES;
			};
			name = Release;
		};
		8EEBBB0B26A8243900470E98 /* Debug */ = {
			isa = XCBuildConfiguration;
			buildSettings = {
				ASSETCATALOG_COMPILER_APPICON_NAME = AppIcon;
				ASSETCATALOG_COMPILER_GLOBAL_ACCENT_COLOR_NAME = AccentColor;
				CODE_SIGN_STYLE = Automatic;
				DEVELOPMENT_TEAM = 66FTN72JRF;
				INFOPLIST_FILE = "Project 5/Info.plist";
				LD_RUNPATH_SEARCH_PATHS = (
					"$(inherited)",
					"@executable_path/Frameworks",
				);
				PRODUCT_BUNDLE_IDENTIFIER = "KamilPawlak.Project-5";
				PRODUCT_NAME = "$(TARGET_NAME)";
				SWIFT_VERSION = 5.0;
				TARGETED_DEVICE_FAMILY = "1,2";
			};
			name = Debug;
		};
		8EEBBB0C26A8243900470E98 /* Release */ = {
			isa = XCBuildConfiguration;
			buildSettings = {
				ASSETCATALOG_COMPILER_APPICON_NAME = AppIcon;
				ASSETCATALOG_COMPILER_GLOBAL_ACCENT_COLOR_NAME = AccentColor;
				CODE_SIGN_STYLE = Automatic;
				DEVELOPMENT_TEAM = 66FTN72JRF;
				INFOPLIST_FILE = "Project 5/Info.plist";
				LD_RUNPATH_SEARCH_PATHS = (
					"$(inherited)",
					"@executable_path/Frameworks",
				);
				PRODUCT_BUNDLE_IDENTIFIER = "KamilPawlak.Project-5";
				PRODUCT_NAME = "$(TARGET_NAME)";
				SWIFT_VERSION = 5.0;
				TARGETED_DEVICE_FAMILY = "1,2";
			};
			name = Release;
		};
/* End XCBuildConfiguration section */

/* Begin XCConfigurationList section */
		8EEBBAF126A8243500470E98 /* Build configuration list for PBXProject "Project 5" */ = {
			isa = XCConfigurationList;
			buildConfigurations = (
				8EEBBB0826A8243900470E98 /* Debug */,
				8EEBBB0926A8243900470E98 /* Release */,
			);
			defaultConfigurationIsVisible = 0;
			defaultConfigurationName = Release;
		};
		8EEBBB0A26A8243900470E98 /* Build configuration list for PBXNativeTarget "Project 5" */ = {
			isa = XCConfigurationList;
			buildConfigurations = (
				8EEBBB0B26A8243900470E98 /* Debug */,
				8EEBBB0C26A8243900470E98 /* Release */,
			);
			defaultConfigurationIsVisible = 0;
			defaultConfigurationName = Release;
		};
/* End XCConfigurationList section */
	};
	rootObject = 8EEBBAEE26A8243500470E98 /* Project object */;
}
